
Microsoft Visual Studio Solution File, Format Version 12.00
# Visual Studio Version 17
VisualStudioVersion = 17.0.31903.59
MinimumVisualStudioVersion = 10.0.40219.1
Project("{2150E333-8FDC-42A3-9474-1A3956D46DE8}") = "tests", "tests", "{C014E62C-01E6-4C07-88B2-15533023E7DC}"
EndProject
Project("{2150E333-8FDC-42A3-9474-1A3956D46DE8}") = "src", "src", "{7702D8C1-4AF2-40C4-8482-0960AB28CA08}"
EndProject
Project("{9A19103F-16F7-4668-BE54-9A1E7A4F7556}") = "Restaurants.API", "src\Restaurants.API\Restaurants.API.csproj", "{46B36261-0355-4584-88AF-E249A1A16FF3}"
EndProject
Project("{9A19103F-16F7-4668-BE54-9A1E7A4F7556}") = "Restaurants.Application", "src\Restaurants.Application\Restaurants.Application.csproj", "{EFB5AA95-5619-4BC3-B1DD-54650C429F2E}"
EndProject
Project("{9A19103F-16F7-4668-BE54-9A1E7A4F7556}") = "Restaurants.Domain", "src\Restaurants.Domain\Restaurants.Domain.csproj", "{C4B4E4B1-A977-429D-8F5C-FF6FE71FEC93}"
EndProject
Project("{9A19103F-16F7-4668-BE54-9A1E7A4F7556}") = "Restaurants.Infrastructure", "src\Restaurants.Infrastructure\Restaurants.Infrastructure.csproj", "{356BF7AD-ED47-4F2D-AD60-1798A9E4F610}"
EndProject
Project("{9A19103F-16F7-4668-BE54-9A1E7A4F7556}") = "Restaurants.API.Tests", "tests\Restaurants.API.Tests\Restaurants.API.Tests.csproj", "{4E21CF15-FC97-4C52-B4B0-0E8623CD12D8}"
EndProject
Project("{9A19103F-16F7-4668-BE54-9A1E7A4F7556}") = "Restaurants.Application.Tests", "tests\Restaurants.Application.Tests\Restaurants.Application.Tests.csproj", "{BD08ECA8-FE8A-41A3-91D4-4D437A411F73}"
EndProject
Project("{9A19103F-16F7-4668-BE54-9A1E7A4F7556}") = "Restaurants.Infrastructure.Tests", "tests\Restaurants.Infrastructure.Tests\Restaurants.Infrastructure.Tests.csproj", "{36129EF0-D3EF-4210-B06A-5AD250CEE499}"
EndProject
Global
	GlobalSection(SolutionConfigurationPlatforms) = preSolution
		Debug|Any CPU = Debug|Any CPU
		Release|Any CPU = Release|Any CPU
	EndGlobalSection
	GlobalSection(ProjectConfigurationPlatforms) = postSolution
		{46B36261-0355-4584-88AF-E249A1A16FF3}.Debug|Any CPU.ActiveCfg = Debug|Any CPU
		{46B36261-0355-4584-88AF-E249A1A16FF3}.Debug|Any CPU.Build.0 = Debug|Any CPU
		{46B36261-0355-4584-88AF-E249A1A16FF3}.Release|Any CPU.ActiveCfg = Release|Any CPU
		{46B36261-0355-4584-88AF-E249A1A16FF3}.Release|Any CPU.Build.0 = Release|Any CPU
		{EFB5AA95-5619-4BC3-B1DD-54650C429F2E}.Debug|Any CPU.ActiveCfg = Debug|Any CPU
		{EFB5AA95-5619-4BC3-B1DD-54650C429F2E}.Debug|Any CPU.Build.0 = Debug|Any CPU
		{EFB5AA95-5619-4BC3-B1DD-54650C429F2E}.Release|Any CPU.ActiveCfg = Release|Any CPU
		{EFB5AA95-5619-4BC3-B1DD-54650C429F2E}.Release|Any CPU.Build.0 = Release|Any CPU
		{C4B4E4B1-A977-429D-8F5C-FF6FE71FEC93}.Debug|Any CPU.ActiveCfg = Debug|Any CPU
		{C4B4E4B1-A977-429D-8F5C-FF6FE71FEC93}.Debug|Any CPU.Build.0 = Debug|Any CPU
		{C4B4E4B1-A977-429D-8F5C-FF6FE71FEC93}.Release|Any CPU.ActiveCfg = Release|Any CPU
		{C4B4E4B1-A977-429D-8F5C-FF6FE71FEC93}.Release|Any CPU.Build.0 = Release|Any CPU
		{356BF7AD-ED47-4F2D-AD60-1798A9E4F610}.Debug|Any CPU.ActiveCfg = Debug|Any CPU
		{356BF7AD-ED47-4F2D-AD60-1798A9E4F610}.Debug|Any CPU.Build.0 = Debug|Any CPU
		{356BF7AD-ED47-4F2D-AD60-1798A9E4F610}.Release|Any CPU.ActiveCfg = Release|Any CPU
		{356BF7AD-ED47-4F2D-AD60-1798A9E4F610}.Release|Any CPU.Build.0 = Release|Any CPU
		{4E21CF15-FC97-4C52-B4B0-0E8623CD12D8}.Debug|Any CPU.ActiveCfg = Debug|Any CPU
		{4E21CF15-FC97-4C52-B4B0-0E8623CD12D8}.Debug|Any CPU.Build.0 = Debug|Any CPU
		{4E21CF15-FC97-4C52-B4B0-0E8623CD12D8}.Release|Any CPU.ActiveCfg = Release|Any CPU
		{4E21CF15-FC97-4C52-B4B0-0E8623CD12D8}.Release|Any CPU.Build.0 = Release|Any CPU
		{BD08ECA8-FE8A-41A3-91D4-4D437A411F73}.Debug|Any CPU.ActiveCfg = Debug|Any CPU
		{BD08ECA8-FE8A-41A3-91D4-4D437A411F73}.Debug|Any CPU.Build.0 = Debug|Any CPU
		{BD08ECA8-FE8A-41A3-91D4-4D437A411F73}.Release|Any CPU.ActiveCfg = Release|Any CPU
		{BD08ECA8-FE8A-41A3-91D4-4D437A411F73}.Release|Any CPU.Build.0 = Release|Any CPU
		{36129EF0-D3EF-4210-B06A-5AD250CEE499}.Debug|Any CPU.ActiveCfg = Debug|Any CPU
		{36129EF0-D3EF-4210-B06A-5AD250CEE499}.Debug|Any CPU.Build.0 = Debug|Any CPU
		{36129EF0-D3EF-4210-B06A-5AD250CEE499}.Release|Any CPU.ActiveCfg = Release|Any CPU
		{36129EF0-D3EF-4210-B06A-5AD250CEE499}.Release|Any CPU.Build.0 = Release|Any CPU
	EndGlobalSection
	GlobalSection(SolutionProperties) = preSolution
		HideSolutionNode = FALSE
	EndGlobalSection
	GlobalSection(NestedProjects) = preSolution
		{46B36261-0355-4584-88AF-E249A1A16FF3} = {7702D8C1-4AF2-40C4-8482-0960AB28CA08}
		{EFB5AA95-5619-4BC3-B1DD-54650C429F2E} = {7702D8C1-4AF2-40C4-8482-0960AB28CA08}
		{C4B4E4B1-A977-429D-8F5C-FF6FE71FEC93} = {7702D8C1-4AF2-40C4-8482-0960AB28CA08}
		{356BF7AD-ED47-4F2D-AD60-1798A9E4F610} = {7702D8C1-4AF2-40C4-8482-0960AB28CA08}
		{4E21CF15-FC97-4C52-B4B0-0E8623CD12D8} = {C014E62C-01E6-4C07-88B2-15533023E7DC}
		{BD08ECA8-FE8A-41A3-91D4-4D437A411F73} = {C014E62C-01E6-4C07-88B2-15533023E7DC}
		{36129EF0-D3EF-4210-B06A-5AD250CEE499} = {C014E62C-01E6-4C07-88B2-15533023E7DC}
	EndGlobalSection
	GlobalSection(ExtensibilityGlobals) = postSolution
		SolutionGuid = {7FAC16CE-EA8B-4822-AA97-3D6012C0C53E}
	EndGlobalSection
EndGlobal
