
Microsoft Visual Studio Solution File, Format Version 12.00
# Visual Studio Version 17
VisualStudioVersion = 17.0.31903.59
MinimumVisualStudioVersion = 10.0.40219.1
Project("{9A19103F-16F7-4668-BE54-9A1E7A4F7556}") = "Restaurants.API", "Restaurants.API\Restaurants.API.csproj", "{767713FD-4EF1-4D86-B60F-4C46514F8BB2}"
EndProject
Project("{9A19103F-16F7-4668-BE54-9A1E7A4F7556}") = "Restaurants.Domain", "Restaurants.Domain\Restaurants.Domain.csproj", "{27E06ABF-DA6C-4716-8D63-C467D829EE7A}"
EndProject
Project("{9A19103F-16F7-4668-BE54-9A1E7A4F7556}") = "Restaurants.Application", "Restaurants.Application\Restaurants.Application.csproj", "{1731AEFB-E784-4080-BA4E-A6BF9D13D5FB}"
EndProject
Project("{9A19103F-16F7-4668-BE54-9A1E7A4F7556}") = "Restaurants.Infrastructure", "Restaurants.Infrastructure\Restaurants.Infrastructure.csproj", "{784244C2-0338-4BF3-BD14-4A4AA16B33D3}"
EndProject
Project("{9A19103F-16F7-4668-BE54-9A1E7A4F7556}") = "Restaurants.Application.Tests", "Restaurants.Application.Tests\Restaurants.Application.Tests.csproj", "{251DF9A2-B258-428F-82B3-8427C0B32547}"
EndProject
Project("{FAE04EC0-301F-11D3-BF4B-00C04F79EFBC}") = "Restaurants.Infrastructure.Tests", "Restaurants.Infrastructure.Tests\Restaurants.Infrastructure.Tests.csproj", "{C12D1F6D-9486-4A87-9361-E575E76025B9}"
EndProject
Global
	GlobalSection(SolutionConfigurationPlatforms) = preSolution
		Debug|Any CPU = Debug|Any CPU
		Release|Any CPU = Release|Any CPU
	EndGlobalSection
	GlobalSection(ProjectConfigurationPlatforms) = postSolution
		{767713FD-4EF1-4D86-B60F-4C46514F8BB2}.Debug|Any CPU.ActiveCfg = Debug|Any CPU
		{767713FD-4EF1-4D86-B60F-4C46514F8BB2}.Debug|Any CPU.Build.0 = Debug|Any CPU
		{767713FD-4EF1-4D86-B60F-4C46514F8BB2}.Release|Any CPU.ActiveCfg = Release|Any CPU
		{767713FD-4EF1-4D86-B60F-4C46514F8BB2}.Release|Any CPU.Build.0 = Release|Any CPU
		{27E06ABF-DA6C-4716-8D63-C467D829EE7A}.Debug|Any CPU.ActiveCfg = Debug|Any CPU
		{27E06ABF-DA6C-4716-8D63-C467D829EE7A}.Debug|Any CPU.Build.0 = Debug|Any CPU
		{27E06ABF-DA6C-4716-8D63-C467D829EE7A}.Release|Any CPU.ActiveCfg = Release|Any CPU
		{27E06ABF-DA6C-4716-8D63-C467D829EE7A}.Release|Any CPU.Build.0 = Release|Any CPU
		{1731AEFB-E784-4080-BA4E-A6BF9D13D5FB}.Debug|Any CPU.ActiveCfg = Debug|Any CPU
		{1731AEFB-E784-4080-BA4E-A6BF9D13D5FB}.Debug|Any CPU.Build.0 = Debug|Any CPU
		{1731AEFB-E784-4080-BA4E-A6BF9D13D5FB}.Release|Any CPU.ActiveCfg = Release|Any CPU
		{1731AEFB-E784-4080-BA4E-A6BF9D13D5FB}.Release|Any CPU.Build.0 = Release|Any CPU
		{784244C2-0338-4BF3-BD14-4A4AA16B33D3}.Debug|Any CPU.ActiveCfg = Debug|Any CPU
		{784244C2-0338-4BF3-BD14-4A4AA16B33D3}.Debug|Any CPU.Build.0 = Debug|Any CPU
		{784244C2-0338-4BF3-BD14-4A4AA16B33D3}.Release|Any CPU.ActiveCfg = Release|Any CPU
		{784244C2-0338-4BF3-BD14-4A4AA16B33D3}.Release|Any CPU.Build.0 = Release|Any CPU
		{251DF9A2-B258-428F-82B3-8427C0B32547}.Debug|Any CPU.ActiveCfg = Debug|Any CPU
		{251DF9A2-B258-428F-82B3-8427C0B32547}.Debug|Any CPU.Build.0 = Debug|Any CPU
		{251DF9A2-B258-428F-82B3-8427C0B32547}.Release|Any CPU.ActiveCfg = Release|Any CPU
		{251DF9A2-B258-428F-82B3-8427C0B32547}.Release|Any CPU.Build.0 = Release|Any CPU
		{C12D1F6D-9486-4A87-9361-E575E76025B9}.Debug|Any CPU.ActiveCfg = Debug|Any CPU
		{C12D1F6D-9486-4A87-9361-E575E76025B9}.Debug|Any CPU.Build.0 = Debug|Any CPU
		{C12D1F6D-9486-4A87-9361-E575E76025B9}.Release|Any CPU.ActiveCfg = Release|Any CPU
		{C12D1F6D-9486-4A87-9361-E575E76025B9}.Release|Any CPU.Build.0 = Release|Any CPU
	EndGlobalSection
	GlobalSection(SolutionProperties) = preSolution
		HideSolutionNode = FALSE
	EndGlobalSection
	GlobalSection(ExtensibilityGlobals) = postSolution
		SolutionGuid = {7FAC16CE-EA8B-4822-AA97-3D6012C0C53E}
	EndGlobalSection
EndGlobal
